
Microsoft Visual Studio Solution File, Format Version 12.00
# Visual Studio Version 16
VisualStudioVersion = 16.0.28516.95
MinimumVisualStudioVersion = 10.0.40219.1
Project("{FAE04EC0-301F-11D3-BF4B-00C04F79EFBC}") = "SampleApp", "SampleApp\SampleApp.csproj", "{2DE18CEE-0A2E-413D-BF08-ABCD905B0C22}"
EndProject
Global
	GlobalSection(SolutionConfigurationPlatforms) = preSolution
		Debug|Any CPU = Debug|Any CPU
		Release|Any CPU = Release|Any CPU
	EndGlobalSection
	GlobalSection(ProjectConfigurationPlatforms) = postSolution
		{2DE18CEE-0A2E-413D-BF08-ABCD905B0C22}.Debug|Any CPU.ActiveCfg = Debug|Any CPU
		{2DE18CEE-0A2E-413D-BF08-ABCD905B0C22}.Debug|Any CPU.Build.0 = Debug|Any CPU
		{2DE18CEE-0A2E-413D-BF08-ABCD905B0C22}.Debug|Any CPU.Deploy.0 = Debug|Any CPU
		{2DE18CEE-0A2E-413D-BF08-ABCD905B0C22}.Release|Any CPU.ActiveCfg = Release|Any CPU
		{2DE18CEE-0A2E-413D-BF08-ABCD905B0C22}.Release|Any CPU.Build.0 = Release|Any CPU
		{2DE18CEE-0A2E-413D-BF08-ABCD905B0C22}.Release|Any CPU.Deploy.0 = Release|Any CPU
	EndGlobalSection
	GlobalSection(SolutionProperties) = preSolution
		HideSolutionNode = FALSE
	EndGlobalSection
	GlobalSection(ExtensibilityGlobals) = postSolution
		SolutionGuid = {3761AECB-BD31-4DD2-8531-B3161E3A016A}
	EndGlobalSection
EndGlobal
