
Microsoft Visual Studio Solution File, Format Version 12.00
# Visual Studio Version 16
VisualStudioVersion = 16.0.28516.95
MinimumVisualStudioVersion = 10.0.40219.1
Project("{FAE04EC0-301F-11D3-BF4B-00C04F79EFBC}") = "Xama.JTPorts.AnimatedCircleLoadingView", "Xama.JTPorts.AnimatedCircleLoadingView\Xama.JTPorts.AnimatedCircleLoadingView.csproj", "{AA1F11AC-F6BD-4F78-BE7F-206556422DA5}"
EndProject
Global
	GlobalSection(SolutionConfigurationPlatforms) = preSolution
		Debug|Any CPU = Debug|Any CPU
		Release|Any CPU = Release|Any CPU
	EndGlobalSection
	GlobalSection(ProjectConfigurationPlatforms) = postSolution
		{AA1F11AC-F6BD-4F78-BE7F-206556422DA5}.Debug|Any CPU.ActiveCfg = Debug|Any CPU
		{AA1F11AC-F6BD-4F78-BE7F-206556422DA5}.Debug|Any CPU.Build.0 = Debug|Any CPU
		{AA1F11AC-F6BD-4F78-BE7F-206556422DA5}.Release|Any CPU.ActiveCfg = Release|Any CPU
		{AA1F11AC-F6BD-4F78-BE7F-206556422DA5}.Release|Any CPU.Build.0 = Release|Any CPU
	EndGlobalSection
	GlobalSection(SolutionProperties) = preSolution
		HideSolutionNode = FALSE
	EndGlobalSection
	GlobalSection(ExtensibilityGlobals) = postSolution
		SolutionGuid = {EFA642EF-B46C-4EBD-A937-B47411952D82}
	EndGlobalSection
EndGlobal
